
Microsoft Visual Studio Solution File, Format Version 12.00
# Visual Studio 15
Project("{FAE04EC0-301F-11D3-BF4B-00C04F79EFBC}") = "Assembly-CSharp", "Assembly-CSharp.csproj", "{7D1F92E3-C6C7-E534-132E-23B664032680}"
EndProject
Project("{FAE04EC0-301F-11D3-BF4B-00C04F79EFBC}") = "Assembly-CSharp-firstpass", "Assembly-CSharp-firstpass.csproj", "{43D3B84D-FE23-B1AE-A737-0340E9C05223}"
EndProject
Project("{FAE04EC0-301F-11D3-BF4B-00C04F79EFBC}") = "Assembly-CSharp-Editor-firstpass", "Assembly-CSharp-Editor-firstpass.csproj", "{75AB0A7E-5901-D34A-A34C-2757C36EE2CB}"
EndProject
Global
	GlobalSection(SolutionConfigurationPlatforms) = preSolution
		Debug|Any CPU = Debug|Any CPU
		Release|Any CPU = Release|Any CPU
	EndGlobalSection
	GlobalSection(ProjectConfigurationPlatforms) = postSolution
		{7D1F92E3-C6C7-E534-132E-23B664032680}.Debug|Any CPU.ActiveCfg = Debug|Any CPU
		{7D1F92E3-C6C7-E534-132E-23B664032680}.Debug|Any CPU.Build.0 = Debug|Any CPU
		{7D1F92E3-C6C7-E534-132E-23B664032680}.Release|Any CPU.ActiveCfg = Release|Any CPU
		{7D1F92E3-C6C7-E534-132E-23B664032680}.Release|Any CPU.Build.0 = Release|Any CPU
		{43D3B84D-FE23-B1AE-A737-0340E9C05223}.Debug|Any CPU.ActiveCfg = Debug|Any CPU
		{43D3B84D-FE23-B1AE-A737-0340E9C05223}.Debug|Any CPU.Build.0 = Debug|Any CPU
		{43D3B84D-FE23-B1AE-A737-0340E9C05223}.Release|Any CPU.ActiveCfg = Release|Any CPU
		{43D3B84D-FE23-B1AE-A737-0340E9C05223}.Release|Any CPU.Build.0 = Release|Any CPU
		{75AB0A7E-5901-D34A-A34C-2757C36EE2CB}.Debug|Any CPU.ActiveCfg = Debug|Any CPU
		{75AB0A7E-5901-D34A-A34C-2757C36EE2CB}.Debug|Any CPU.Build.0 = Debug|Any CPU
		{75AB0A7E-5901-D34A-A34C-2757C36EE2CB}.Release|Any CPU.ActiveCfg = Release|Any CPU
		{75AB0A7E-5901-D34A-A34C-2757C36EE2CB}.Release|Any CPU.Build.0 = Release|Any CPU
	EndGlobalSection
	GlobalSection(SolutionProperties) = preSolution
		HideSolutionNode = FALSE
	EndGlobalSection
EndGlobal
